
Microsoft Visual Studio Solution File, Format Version 12.00
# Visual Studio 15
VisualStudioVersion = 15.0.27130.2036
MinimumVisualStudioVersion = 10.0.40219.1
Project("{FAE04EC0-301F-11D3-BF4B-00C04F79EFBC}") = "WPFPrototypeReverie", "WPFPrototypeReverie\WPFPrototypeReverie.csproj", "{D4648138-E0B8-4CC5-BCE2-B0FA5886018F}"
EndProject
Global
	GlobalSection(SolutionConfigurationPlatforms) = preSolution
		Debug|Any CPU = Debug|Any CPU
		Release|Any CPU = Release|Any CPU
	EndGlobalSection
	GlobalSection(ProjectConfigurationPlatforms) = postSolution
		{D4648138-E0B8-4CC5-BCE2-B0FA5886018F}.Debug|Any CPU.ActiveCfg = Debug|Any CPU
		{D4648138-E0B8-4CC5-BCE2-B0FA5886018F}.Debug|Any CPU.Build.0 = Debug|Any CPU
		{D4648138-E0B8-4CC5-BCE2-B0FA5886018F}.Release|Any CPU.ActiveCfg = Release|Any CPU
		{D4648138-E0B8-4CC5-BCE2-B0FA5886018F}.Release|Any CPU.Build.0 = Release|Any CPU
	EndGlobalSection
	GlobalSection(SolutionProperties) = preSolution
		HideSolutionNode = FALSE
	EndGlobalSection
	GlobalSection(ExtensibilityGlobals) = postSolution
		SolutionGuid = {27A284F4-2ACB-4D10-A9E4-5EEA5F80CB4E}
	EndGlobalSection
EndGlobal
